
Microsoft Visual Studio Solution File, Format Version 12.00
# Visual Studio Version 17
VisualStudioVersion = 17.3.32929.385
MinimumVisualStudioVersion = 10.0.40219.1
Project("{FAE04EC0-301F-11D3-BF4B-00C04F79EFBC}") = "AzadApp", "AzadApp.csproj", "{BDB4800F-DF3E-4FAD-803A-8CB961B1FC76}"
EndProject
Global
	GlobalSection(SolutionConfigurationPlatforms) = preSolution
		Debug|Any CPU = Debug|Any CPU
		Release|Any CPU = Release|Any CPU
	EndGlobalSection
	GlobalSection(ProjectConfigurationPlatforms) = postSolution
		{BDB4800F-DF3E-4FAD-803A-8CB961B1FC76}.Debug|Any CPU.ActiveCfg = Debug|Any CPU
		{BDB4800F-DF3E-4FAD-803A-8CB961B1FC76}.Debug|Any CPU.Build.0 = Debug|Any CPU
		{BDB4800F-DF3E-4FAD-803A-8CB961B1FC76}.Release|Any CPU.ActiveCfg = Release|Any CPU
		{BDB4800F-DF3E-4FAD-803A-8CB961B1FC76}.Release|Any CPU.Build.0 = Release|Any CPU
	EndGlobalSection
	GlobalSection(SolutionProperties) = preSolution
		HideSolutionNode = FALSE
	EndGlobalSection
	GlobalSection(ExtensibilityGlobals) = postSolution
		SolutionGuid = {A606804F-4D78-49F1-815E-0A51952975FB}
	EndGlobalSection
EndGlobal
